github.com/gtank/ristretto255 v0.1.2 h1:JEqUCPA1NvLq5DwYtuzigd7ss8fwbYay9fi4/5uMzcc=
github.com/gtank/ristretto255 v0.1.2/go.mod h1:Ph5OpO6c7xKUGROZfWVLiJf9icMDwUeIvY4OmlYW69o=
github.com/sammyne/merlin v0.0.0-20201028055356-1c29d94cd5de h1:pfhABSptU71zFLBuyE+98oW3EEEg+iQTDHJGn14Orqo=
github.com/sammyne/merlin v0.0.0-20201028055356-1c29d94cd5de/go.mod h1:FLq1E2PHRZoXlPgF17xdl01cenBzQgMknZEnGV6Nlag=
github.com/sammyne/strobe v0.0.0-20201028005755-1a7dc1020420 h1:1EAf5lkrx70cWAzrmo88iNJaViWMUwjeekLvz/oL1T8=
github.com/sammyne/strobe v0.0.0-20201028005755-1a7dc1020420/go.mod h1:qh9eFhXWV5wasPw/+WZ3ELz1+lWdlje8oHhOgiX5aGU=
